
Microsoft Visual Studio Solution File, Format Version 12.00
# Visual Studio Version 16
VisualStudioVersion = 16.0.28803.452
MinimumVisualStudioVersion = 10.0.40219.1
Project("{FAE04EC0-301F-11D3-BF4B-00C04F79EFBC}") = "MyCalculation", "MyCalculation.csproj", "{82EAF504-8E81-45BD-8C5F-FF8467D02F3A}"
EndProject
Project("{FAE04EC0-301F-11D3-BF4B-00C04F79EFBC}") = "MycalculationTests", "..\MycalculationTests\MycalculationTests.csproj", "{C859A927-C12F-4E82-B027-FA7F156FFB34}"
EndProject
Global
	GlobalSection(SolutionConfigurationPlatforms) = preSolution
		Debug|Any CPU = Debug|Any CPU
		Release|Any CPU = Release|Any CPU
	EndGlobalSection
	GlobalSection(ProjectConfigurationPlatforms) = postSolution
		{82EAF504-8E81-45BD-8C5F-FF8467D02F3A}.Debug|Any CPU.ActiveCfg = Debug|Any CPU
		{82EAF504-8E81-45BD-8C5F-FF8467D02F3A}.Debug|Any CPU.Build.0 = Debug|Any CPU
		{82EAF504-8E81-45BD-8C5F-FF8467D02F3A}.Release|Any CPU.ActiveCfg = Release|Any CPU
		{82EAF504-8E81-45BD-8C5F-FF8467D02F3A}.Release|Any CPU.Build.0 = Release|Any CPU
		{C859A927-C12F-4E82-B027-FA7F156FFB34}.Debug|Any CPU.ActiveCfg = Debug|Any CPU
		{C859A927-C12F-4E82-B027-FA7F156FFB34}.Debug|Any CPU.Build.0 = Debug|Any CPU
		{C859A927-C12F-4E82-B027-FA7F156FFB34}.Release|Any CPU.ActiveCfg = Release|Any CPU
		{C859A927-C12F-4E82-B027-FA7F156FFB34}.Release|Any CPU.Build.0 = Release|Any CPU
	EndGlobalSection
	GlobalSection(SolutionProperties) = preSolution
		HideSolutionNode = FALSE
	EndGlobalSection
	GlobalSection(ExtensibilityGlobals) = postSolution
		SolutionGuid = {41679CB5-2EF9-464E-8F4F-9859C1143A07}
	EndGlobalSection
EndGlobal
